
Microsoft Visual Studio Solution File, Format Version 12.00
# Visual Studio Version 17
VisualStudioVersion = 17.11.35327.3
MinimumVisualStudioVersion = 10.0.40219.1
Project("{9A19103F-16F7-4668-BE54-9A1E7A4F7556}") = "TaskManager", "TaskManager.csproj", "{0C9438FD-8DD0-46A7-8393-177CC9B77538}"
EndProject
Global
	GlobalSection(SolutionConfigurationPlatforms) = preSolution
		Debug|Any CPU = Debug|Any CPU
		Release|Any CPU = Release|Any CPU
	EndGlobalSection
	GlobalSection(ProjectConfigurationPlatforms) = postSolution
		{0C9438FD-8DD0-46A7-8393-177CC9B77538}.Debug|Any CPU.ActiveCfg = Debug|Any CPU
		{0C9438FD-8DD0-46A7-8393-177CC9B77538}.Debug|Any CPU.Build.0 = Debug|Any CPU
		{0C9438FD-8DD0-46A7-8393-177CC9B77538}.Release|Any CPU.ActiveCfg = Release|Any CPU
		{0C9438FD-8DD0-46A7-8393-177CC9B77538}.Release|Any CPU.Build.0 = Release|Any CPU
	EndGlobalSection
	GlobalSection(SolutionProperties) = preSolution
		HideSolutionNode = FALSE
	EndGlobalSection
	GlobalSection(ExtensibilityGlobals) = postSolution
		SolutionGuid = {DAF095DE-CA53-478C-873D-438AD453E923}
	EndGlobalSection
EndGlobal
